// !$*UTF8*$!
{
	archiveVersion = 1;
	classes = {
	};
	objectVersion = 56;
	objects = {

/* Begin PBXBuildFile section */
		028CB25B291949EC00BFCB43 /* AppDelegate.swift in Sources */ = {isa = PBXBuildFile; fileRef = 028CB25A291949EC00BFCB43 /* AppDelegate.swift */; };
		028CB25D291949EC00BFCB43 /* SceneDelegate.swift in Sources */ = {isa = PBXBuildFile; fileRef = 028CB25C291949EC00BFCB43 /* SceneDelegate.swift */; };
		028CB25F291949EC00BFCB43 /* ViewController.swift in Sources */ = {isa = PBXBuildFile; fileRef = 028CB25E291949EC00BFCB43 /* ViewController.swift */; };
		028CB262291949EC00BFCB43 /* Main.storyboard in Resources */ = {isa = PBXBuildFile; fileRef = 028CB260291949EC00BFCB43 /* Main.storyboard */; };
		028CB264291949EE00BFCB43 /* Assets.xcassets in Resources */ = {isa = PBXBuildFile; fileRef = 028CB263291949EE00BFCB43 /* Assets.xcassets */; };
		028CB267291949EE00BFCB43 /* LaunchScreen.storyboard in Resources */ = {isa = PBXBuildFile; fileRef = 028CB265291949EE00BFCB43 /* LaunchScreen.storyboard */; };
		028CB271291952C000BFCB43 /* NetworkManager.swift in Sources */ = {isa = PBXBuildFile; fileRef = 028CB270291952C000BFCB43 /* NetworkManager.swift */; };
		028CB2762919FF1200BFCB43 /* ProgTableViewCell.swift in Sources */ = {isa = PBXBuildFile; fileRef = 028CB2752919FF1200BFCB43 /* ProgTableViewCell.swift */; };
/* End PBXBuildFile section */

/* Begin PBXFileReference section */
		028CB257291949EC00BFCB43 /* NetworkingIntro.app */ = {isa = PBXFileReference; explicitFileType = wrapper.application; includeInIndex = 0; path = NetworkingIntro.app; sourceTree = BUILT_PRODUCTS_DIR; };
		028CB25A291949EC00BFCB43 /* AppDelegate.swift */ = {isa = PBXFileReference; lastKnownFileType = sourcecode.swift; path = AppDelegate.swift; sourceTree = "<group>"; };
		028CB25C291949EC00BFCB43 /* SceneDelegate.swift */ = {isa = PBXFileReference; lastKnownFileType = sourcecode.swift; path = SceneDelegate.swift; sourceTree = "<group>"; };
		028CB25E291949EC00BFCB43 /* ViewController.swift */ = {isa = PBXFileReference; lastKnownFileType = sourcecode.swift; path = ViewController.swift; sourceTree = "<group>"; };
		028CB261291949EC00BFCB43 /* Base */ = {isa = PBXFileReference; lastKnownFileType = file.storyboard; name = Base; path = Base.lproj/Main.storyboard; sourceTree = "<group>"; };
		028CB263291949EE00BFCB43 /* Assets.xcassets */ = {isa = PBXFileReference; lastKnownFileType = folder.assetcatalog; path = Assets.xcassets; sourceTree = "<group>"; };
		028CB266291949EE00BFCB43 /* Base */ = {isa = PBXFileReference; lastKnownFileType = file.storyboard; name = Base; path = Base.lproj/LaunchScreen.storyboard; sourceTree = "<group>"; };
		028CB268291949EE00BFCB43 /* Info.plist */ = {isa = PBXFileReference; lastKnownFileType = text.plist.xml; path = Info.plist; sourceTree = "<group>"; };
		028CB270291952C000BFCB43 /* NetworkManager.swift */ = {isa = PBXFileReference; lastKnownFileType = sourcecode.swift; path = NetworkManager.swift; sourceTree = "<group>"; };
		028CB2752919FF1200BFCB43 /* ProgTableViewCell.swift */ = {isa = PBXFileReference; lastKnownFileType = sourcecode.swift; path = ProgTableViewCell.swift; sourceTree = "<group>"; };
/* End PBXFileReference section */

/* Begin PBXFrameworksBuildPhase section */
		028CB254291949EC00BFCB43 /* Frameworks */ = {
			isa = PBXFrameworksBuildPhase;
			buildActionMask = 2147483647;
			files = (
			);
			runOnlyForDeploymentPostprocessing = 0;
		};
/* End PBXFrameworksBuildPhase section */

/* Begin PBXGroup section */
		028CB24E291949EB00BFCB43 = {
			isa = PBXGroup;
			children = (
				028CB259291949EC00BFCB43 /* NetworkingIntro */,
				028CB258291949EC00BFCB43 /* Products */,
			);
			sourceTree = "<group>";
		};
		028CB258291949EC00BFCB43 /* Products */ = {
			isa = PBXGroup;
			children = (
				028CB257291949EC00BFCB43 /* NetworkingIntro.app */,
			);
			name = Products;
			sourceTree = "<group>";
		};
		028CB259291949EC00BFCB43 /* NetworkingIntro */ = {
			isa = PBXGroup;
			children = (
				028CB2742919FEF500BFCB43 /* Cells */,
				028CB26F291952A100BFCB43 /* Service */,
				028CB26E291949F200BFCB43 /* ViewController */,
				028CB25A291949EC00BFCB43 /* AppDelegate.swift */,
				028CB25C291949EC00BFCB43 /* SceneDelegate.swift */,
				028CB260291949EC00BFCB43 /* Main.storyboard */,
				028CB263291949EE00BFCB43 /* Assets.xcassets */,
				028CB265291949EE00BFCB43 /* LaunchScreen.storyboard */,
				028CB268291949EE00BFCB43 /* Info.plist */,
			);
			path = NetworkingIntro;
			sourceTree = "<group>";
		};
		028CB26E291949F200BFCB43 /* ViewController */ = {
			isa = PBXGroup;
			children = (
				028CB25E291949EC00BFCB43 /* ViewController.swift */,
			);
			path = ViewController;
			sourceTree = "<group>";
		};
		028CB26F291952A100BFCB43 /* Service */ = {
			isa = PBXGroup;
			children = (
				028CB270291952C000BFCB43 /* NetworkManager.swift */,
			);
			path = Service;
			sourceTree = "<group>";
		};
		028CB2742919FEF500BFCB43 /* Cells */ = {
			isa = PBXGroup;
			children = (
				028CB2752919FF1200BFCB43 /* ProgTableViewCell.swift */,
			);
			path = Cells;
			sourceTree = "<group>";
		};
/* End PBXGroup section */

/* Begin PBXNativeTarget section */
		028CB256291949EC00BFCB43 /* NetworkingIntro */ = {
			isa = PBXNativeTarget;
			buildConfigurationList = 028CB26B291949EE00BFCB43 /* Build configuration list for PBXNativeTarget "NetworkingIntro" */;
			buildPhases = (
				028CB253291949EC00BFCB43 /* Sources */,
				028CB254291949EC00BFCB43 /* Frameworks */,
				028CB255291949EC00BFCB43 /* Resources */,
			);
			buildRules = (
			);
			dependencies = (
			);
			name = NetworkingIntro;
			productName = NetworkingIntro;
			productReference = 028CB257291949EC00BFCB43 /* NetworkingIntro.app */;
			productType = "com.apple.product-type.application";
		};
/* End PBXNativeTarget section */

/* Begin PBXProject section */
		028CB24F291949EB00BFCB43 /* Project object */ = {
			isa = PBXProject;
			attributes = {
				BuildIndependentTargetsInParallel = 1;
				LastSwiftUpdateCheck = 1410;
				LastUpgradeCheck = 1410;
				TargetAttributes = {
					028CB256291949EC00BFCB43 = {
						CreatedOnToolsVersion = 14.1;
					};
				};
			};
			buildConfigurationList = 028CB252291949EB00BFCB43 /* Build configuration list for PBXProject "NetworkingIntro" */;
			compatibilityVersion = "Xcode 14.0";
			developmentRegion = en;
			hasScannedForEncodings = 0;
			knownRegions = (
				en,
				Base,
			);
			mainGroup = 028CB24E291949EB00BFCB43;
			productRefGroup = 028CB258291949EC00BFCB43 /* Products */;
			projectDirPath = "";
			projectRoot = "";
			targets = (
				028CB256291949EC00BFCB43 /* NetworkingIntro */,
			);
		};
/* End PBXProject section */

/* Begin PBXResourcesBuildPhase section */
		028CB255291949EC00BFCB43 /* Resources */ = {
			isa = PBXResourcesBuildPhase;
			buildActionMask = 2147483647;
			files = (
				028CB267291949EE00BFCB43 /* LaunchScreen.storyboard in Resources */,
				028CB264291949EE00BFCB43 /* Assets.xcassets in Resources */,
				028CB262291949EC00BFCB43 /* Main.storyboard in Resources */,
			);
			runOnlyForDeploymentPostprocessing = 0;
		};
/* End PBXResourcesBuildPhase section */

/* Begin PBXSourcesBuildPhase section */
		028CB253291949EC00BFCB43 /* Sources */ = {
			isa = PBXSourcesBuildPhase;
			buildActionMask = 2147483647;
			files = (
				028CB271291952C000BFCB43 /* NetworkManager.swift in Sources */,
				028CB2762919FF1200BFCB43 /* ProgTableViewCell.swift in Sources */,
				028CB25F291949EC00BFCB43 /* ViewController.swift in Sources */,
				028CB25B291949EC00BFCB43 /* AppDelegate.swift in Sources */,
				028CB25D291949EC00BFCB43 /* SceneDelegate.swift in Sources */,
			);
			runOnlyForDeploymentPostprocessing = 0;
		};
/* End PBXSourcesBuildPhase section */

/* Begin PBXVariantGroup section */
		028CB260291949EC00BFCB43 /* Main.storyboard */ = {
			isa = PBXVariantGroup;
			children = (
				028CB261291949EC00BFCB43 /* Base */,
			);
			name = Main.storyboard;
			sourceTree = "<group>";
		};
		028CB265291949EE00BFCB43 /* LaunchScreen.storyboard */ = {
			isa = PBXVariantGroup;
			children = (
				028CB266291949EE00BFCB43 /* Base */,
			);
			name = LaunchScreen.storyboard;
			sourceTree = "<group>";
		};
/* End PBXVariantGroup section */

/* Begin XCBuildConfiguration section */
		028CB269291949EE00BFCB43 /* Debug */ = {
			isa = XCBuildConfiguration;
			buildSettings = {
				ALWAYS_SEARCH_USER_PATHS = NO;
				CLANG_ANALYZER_NONNULL = YES;
				CLANG_ANALYZER_NUMBER_OBJECT_CONVERSION = YES_AGGRESSIVE;
				CLANG_CXX_LANGUAGE_STANDARD = "gnu++20";
				CLANG_ENABLE_MODULES = YES;
				CLANG_ENABLE_OBJC_ARC = YES;
				CLANG_ENABLE_OBJC_WEAK = YES;
				CLANG_WARN_BLOCK_CAPTURE_AUTORELEASING = YES;
				CLANG_WARN_BOOL_CONVERSION = YES;
				CLANG_WARN_COMMA = YES;
				CLANG_WARN_CONSTANT_CONVERSION = YES;
				CLANG_WARN_DEPRECATED_OBJC_IMPLEMENTATIONS = YES;
				CLANG_WARN_DIRECT_OBJC_ISA_USAGE = YES_ERROR;
				CLANG_WARN_DOCUMENTATION_COMMENTS = YES;
				CLANG_WARN_EMPTY_BODY = YES;
				CLANG_WARN_ENUM_CONVERSION = YES;
				CLANG_WARN_INFINITE_RECURSION = YES;
				CLANG_WARN_INT_CONVERSION = YES;
				CLANG_WARN_NON_LITERAL_NULL_CONVERSION = YES;
				CLANG_WARN_OBJC_IMPLICIT_RETAIN_SELF = YES;
				CLANG_WARN_OBJC_LITERAL_CONVERSION = YES;
				CLANG_WARN_OBJC_ROOT_CLASS = YES_ERROR;
				CLANG_WARN_QUOTED_INCLUDE_IN_FRAMEWORK_HEADER = YES;
				CLANG_WARN_RANGE_LOOP_ANALYSIS = YES;
				CLANG_WARN_STRICT_PROTOTYPES = YES;
				CLANG_WARN_SUSPICIOUS_MOVE = YES;
				CLANG_WARN_UNGUARDED_AVAILABILITY = YES_AGGRESSIVE;
				CLANG_WARN_UNREACHABLE_CODE = YES;
				CLANG_WARN__DUPLICATE_METHOD_MATCH = YES;
				COPY_PHASE_STRIP = NO;
				DEBUG_INFORMATION_FORMAT = dwarf;
				ENABLE_STRICT_OBJC_MSGSEND = YES;
				ENABLE_TESTABILITY = YES;
				GCC_C_LANGUAGE_STANDARD = gnu11;
				GCC_DYNAMIC_NO_PIC = NO;
				GCC_NO_COMMON_BLOCKS = YES;
				GCC_OPTIMIZATION_LEVEL = 0;
				GCC_PREPROCESSOR_DEFINITIONS = (
					"DEBUG=1",
					"$(inherited)",
				);
				GCC_WARN_64_TO_32_BIT_CONVERSION = YES;
				GCC_WARN_ABOUT_RETURN_TYPE = YES_ERROR;
				GCC_WARN_UNDECLARED_SELECTOR = YES;
				GCC_WARN_UNINITIALIZED_AUTOS = YES_AGGRESSIVE;
				GCC_WARN_UNUSED_FUNCTION = YES;
				GCC_WARN_UNUSED_VARIABLE = YES;
				IPHONEOS_DEPLOYMENT_TARGET = 16.1;
				MTL_ENABLE_DEBUG_INFO = INCLUDE_SOURCE;
				MTL_FAST_MATH = YES;
				ONLY_ACTIVE_ARCH = YES;
				SDKROOT = iphoneos;
				SWIFT_ACTIVE_COMPILATION_CONDITIONS = DEBUG;
				SWIFT_OPTIMIZATION_LEVEL = "-Onone";
			};
			name = Debug;
		};
		028CB26A291949EE00BFCB43 /* Release */ = {
			isa = XCBuildConfiguration;
			buildSettings = {
				ALWAYS_SEARCH_USER_PATHS = NO;
				CLANG_ANALYZER_NONNULL = YES;
				CLANG_ANALYZER_NUMBER_OBJECT_CONVERSION = YES_AGGRESSIVE;
				CLANG_CXX_LANGUAGE_STANDARD = "gnu++20";
				CLANG_ENABLE_MODULES = YES;
				CLANG_ENABLE_OBJC_ARC = YES;
				CLANG_ENABLE_OBJC_WEAK = YES;
				CLANG_WARN_BLOCK_CAPTURE_AUTORELEASING = YES;
				CLANG_WARN_BOOL_CONVERSION = YES;
				CLANG_WARN_COMMA = YES;
				CLANG_WARN_CONSTANT_CONVERSION = YES;
				CLANG_WARN_DEPRECATED_OBJC_IMPLEMENTATIONS = YES;
				CLANG_WARN_DIRECT_OBJC_ISA_USAGE = YES_ERROR;
				CLANG_WARN_DOCUMENTATION_COMMENTS = YES;
				CLANG_WARN_EMPTY_BODY = YES;
				CLANG_WARN_ENUM_CONVERSION = YES;
				CLANG_WARN_INFINITE_RECURSION = YES;
				CLANG_WARN_INT_CONVERSION = YES;
				CLANG_WARN_NON_LITERAL_NULL_CONVERSION = YES;
				CLANG_WARN_OBJC_IMPLICIT_RETAIN_SELF = YES;
				CLANG_WARN_OBJC_LITERAL_CONVERSION = YES;
				CLANG_WARN_OBJC_ROOT_CLASS = YES_ERROR;
				CLANG_WARN_QUOTED_INCLUDE_IN_FRAMEWORK_HEADER = YES;
				CLANG_WARN_RANGE_LOOP_ANALYSIS = YES;
				CLANG_WARN_STRICT_PROTOTYPES = YES;
				CLANG_WARN_SUSPICIOUS_MOVE = YES;
				CLANG_WARN_UNGUARDED_AVAILABILITY = YES_AGGRESSIVE;
				CLANG_WARN_UNREACHABLE_CODE = YES;
				CLANG_WARN__DUPLICATE_METHOD_MATCH = YES;
				COPY_PHASE_STRIP = NO;
				DEBUG_INFORMATION_FORMAT = "dwarf-with-dsym";
				ENABLE_NS_ASSERTIONS = NO;
				ENABLE_STRICT_OBJC_MSGSEND = YES;
				GCC_C_LANGUAGE_STANDARD = gnu11;
				GCC_NO_COMMON_BLOCKS = YES;
				GCC_WARN_64_TO_32_BIT_CONVERSION = YES;
				GCC_WARN_ABOUT_RETURN_TYPE = YES_ERROR;
				GCC_WARN_UNDECLARED_SELECTOR = YES;
				GCC_WARN_UNINITIALIZED_AUTOS = YES_AGGRESSIVE;
				GCC_WARN_UNUSED_FUNCTION = YES;
				GCC_WARN_UNUSED_VARIABLE = YES;
				IPHONEOS_DEPLOYMENT_TARGET = 16.1;
				MTL_ENABLE_DEBUG_INFO = NO;
				MTL_FAST_MATH = YES;
				SDKROOT = iphoneos;
				SWIFT_COMPILATION_MODE = wholemodule;
				SWIFT_OPTIMIZATION_LEVEL = "-O";
				VALIDATE_PRODUCT = YES;
			};
			name = Release;
		};
		028CB26C291949EE00BFCB43 /* Debug */ = {
			isa = XCBuildConfiguration;
			buildSettings = {
				ASSETCATALOG_COMPILER_APPICON_NAME = AppIcon;
				ASSETCATALOG_COMPILER_GLOBAL_ACCENT_COLOR_NAME = AccentColor;
				CODE_SIGN_STYLE = Automatic;
				CURRENT_PROJECT_VERSION = 1;
				GENERATE_INFOPLIST_FILE = YES;
				INFOPLIST_FILE = NetworkingIntro/Info.plist;
				INFOPLIST_KEY_UIApplicationSupportsIndirectInputEvents = YES;
				INFOPLIST_KEY_UILaunchStoryboardName = LaunchScreen;
				INFOPLIST_KEY_UIMainStoryboardFile = Main;
				INFOPLIST_KEY_UISupportedInterfaceOrientations_iPad = "UIInterfaceOrientationPortrait UIInterfaceOrientationPortraitUpsideDown UIInterfaceOrientationLandscapeLeft UIInterfaceOrientationLandscapeRight";
				INFOPLIST_KEY_UISupportedInterfaceOrientations_iPhone = "UIInterfaceOrientationPortrait UIInterfaceOrientationLandscapeLeft UIInterfaceOrientationLandscapeRight";
				LD_RUNPATH_SEARCH_PATHS = (
					"$(inherited)",
					"@executable_path/Frameworks",
				);
				MARKETING_VERSION = 1.0;
				PRODUCT_BUNDLE_IDENTIFIER = notISaidCow.NetworkingIntro;
				PRODUCT_NAME = "$(TARGET_NAME)";
				SWIFT_EMIT_LOC_STRINGS = YES;
				SWIFT_VERSION = 5.0;
				TARGETED_DEVICE_FAMILY = "1,2";
			};
			name = Debug;
		};
		028CB26D291949EE00BFCB43 /* Release */ = {
			isa = XCBuildConfiguration;
			buildSettings = {
				ASSETCATALOG_COMPILER_APPICON_NAME = AppIcon;
				ASSETCATALOG_COMPILER_GLOBAL_ACCENT_COLOR_NAME = AccentColor;
				CODE_SIGN_STYLE = Automatic;
				CURRENT_PROJECT_VERSION = 1;
				GENERATE_INFOPLIST_FILE = YES;
				INFOPLIST_FILE = NetworkingIntro/Info.plist;
				INFOPLIST_KEY_UIApplicationSupportsIndirectInputEvents = YES;
				INFOPLIST_KEY_UILaunchStoryboardName = LaunchScreen;
				INFOPLIST_KEY_UIMainStoryboardFile = Main;
				INFOPLIST_KEY_UISupportedInterfaceOrientations_iPad = "UIInterfaceOrientationPortrait UIInterfaceOrientationPortraitUpsideDown UIInterfaceOrientationLandscapeLeft UIInterfaceOrientationLandscapeRight";
				INFOPLIST_KEY_UISupportedInterfaceOrientations_iPhone = "UIInterfaceOrientationPortrait UIInterfaceOrientationLandscapeLeft UIInterfaceOrientationLandscapeRight";
				LD_RUNPATH_SEARCH_PATHS = (
					"$(inherited)",
					"@executable_path/Frameworks",
				);
				MARKETING_VERSION = 1.0;
				PRODUCT_BUNDLE_IDENTIFIER = notISaidCow.NetworkingIntro;
				PRODUCT_NAME = "$(TARGET_NAME)";
				SWIFT_EMIT_LOC_STRINGS = YES;
				SWIFT_VERSION = 5.0;
				TARGETED_DEVICE_FAMILY = "1,2";
			};
			name = Release;
		};
/* End XCBuildConfiguration section */

/* Begin XCConfigurationList section */
		028CB252291949EB00BFCB43 /* Build configuration list for PBXProject "NetworkingIntro" */ = {
			isa = XCConfigurationList;
			buildConfigurations = (
				028CB269291949EE00BFCB43 /* Debug */,
				028CB26A291949EE00BFCB43 /* Release */,
			);
			defaultConfigurationIsVisible = 0;
			defaultConfigurationName = Release;
		};
		028CB26B291949EE00BFCB43 /* Build configuration list for PBXNativeTarget "NetworkingIntro" */ = {
			isa = XCConfigurationList;
			buildConfigurations = (
				028CB26C291949EE00BFCB43 /* Debug */,
				028CB26D291949EE00BFCB43 /* Release */,
			);
			defaultConfigurationIsVisible = 0;
			defaultConfigurationName = Release;
		};
/* End XCConfigurationList section */
	};
	rootObject = 028CB24F291949EB00BFCB43 /* Project object */;
}
